
Microsoft Visual Studio Solution File, Format Version 12.00
# Visual Studio Version 16
VisualStudioVersion = 16.0.31605.320
MinimumVisualStudioVersion = 10.0.40219.1
Project("{9A19103F-16F7-4668-BE54-9A1E7A4F7556}") = "IS220M11", "IS220M11\IS220M11.csproj", "{8DFF5667-B26D-4EC6-A47B-6A6BE23CD00C}"
EndProject
Global
	GlobalSection(SolutionConfigurationPlatforms) = preSolution
		Debug|Any CPU = Debug|Any CPU
		Release|Any CPU = Release|Any CPU
	EndGlobalSection
	GlobalSection(ProjectConfigurationPlatforms) = postSolution
		{8DFF5667-B26D-4EC6-A47B-6A6BE23CD00C}.Debug|Any CPU.ActiveCfg = Debug|Any CPU
		{8DFF5667-B26D-4EC6-A47B-6A6BE23CD00C}.Debug|Any CPU.Build.0 = Debug|Any CPU
		{8DFF5667-B26D-4EC6-A47B-6A6BE23CD00C}.Release|Any CPU.ActiveCfg = Release|Any CPU
		{8DFF5667-B26D-4EC6-A47B-6A6BE23CD00C}.Release|Any CPU.Build.0 = Release|Any CPU
	EndGlobalSection
	GlobalSection(SolutionProperties) = preSolution
		HideSolutionNode = FALSE
	EndGlobalSection
	GlobalSection(ExtensibilityGlobals) = postSolution
		SolutionGuid = {19ABEAA5-46CA-4FB7-ABEF-315C70C083E5}
	EndGlobalSection
EndGlobal
