
Microsoft Visual Studio Solution File, Format Version 12.00
# Visual Studio Version 16
VisualStudioVersion = 16.0.31605.320
MinimumVisualStudioVersion = 10.0.40219.1
Project("{FAE04EC0-301F-11D3-BF4B-00C04F79EFBC}") = "IS220", "IS220\IS220.csproj", "{70689C3E-4D42-423E-B323-E7B72A6AB4AA}"
EndProject
Global
	GlobalSection(SolutionConfigurationPlatforms) = preSolution
		Debug|Any CPU = Debug|Any CPU
		Release|Any CPU = Release|Any CPU
	EndGlobalSection
	GlobalSection(ProjectConfigurationPlatforms) = postSolution
		{70689C3E-4D42-423E-B323-E7B72A6AB4AA}.Debug|Any CPU.ActiveCfg = Debug|Any CPU
		{70689C3E-4D42-423E-B323-E7B72A6AB4AA}.Debug|Any CPU.Build.0 = Debug|Any CPU
		{70689C3E-4D42-423E-B323-E7B72A6AB4AA}.Release|Any CPU.ActiveCfg = Release|Any CPU
		{70689C3E-4D42-423E-B323-E7B72A6AB4AA}.Release|Any CPU.Build.0 = Release|Any CPU
	EndGlobalSection
	GlobalSection(SolutionProperties) = preSolution
		HideSolutionNode = FALSE
	EndGlobalSection
	GlobalSection(ExtensibilityGlobals) = postSolution
		SolutionGuid = {C981F943-341B-466C-9261-A9453A52474C}
	EndGlobalSection
EndGlobal
